Microsoft Visual Studio Solution File, Format Version 12.00
# Visual Studio Version 16
VisualStudioVersion = 16.0.30128.74
MinimumVisualStudioVersion = 10.0.40219.1
Project("{FAE04EC0-301F-11D3-BF4B-00C04F79EFBC}") = "StopWatch_", "StopWatch_.csproj", "{AA125350-445C-4825-81DA-54B93A2F67E8}"
EndProject
Global
	GlobalSection(SolutionConfigurationPlatforms) = preSolution
		Debug|Any CPU = Debug|Any CPU
		Release|Any CPU = Release|Any CPU
	EndGlobalSection
	GlobalSection(ProjectConfigurationPlatforms) = postSolution
		{AA125350-445C-4825-81DA-54B93A2F67E8}.Debug|Any CPU.ActiveCfg = Debug|Any CPU
		{AA125350-445C-4825-81DA-54B93A2F67E8}.Debug|Any CPU.Build.0 = Debug|Any CPU
		{AA125350-445C-4825-81DA-54B93A2F67E8}.Release|Any CPU.ActiveCfg = Release|Any CPU
		{AA125350-445C-4825-81DA-54B93A2F67E8}.Release|Any CPU.Build.0 = Release|Any CPU
	EndGlobalSection
	GlobalSection(SolutionProperties) = preSolution
		HideSolutionNode = FALSE
	EndGlobalSection
	GlobalSection(ExtensibilityGlobals) = postSolution
		SolutionGuid = {F5DC693C-EBE5-463D-9F95-ED963884D7C5}
	EndGlobalSection
EndGlobal
